
Microsoft Visual Studio Solution File, Format Version 12.00
# Visual Studio Version 17
VisualStudioVersion = 17.5.33530.505
MinimumVisualStudioVersion = 10.0.40219.1
Project("{FAE04EC0-301F-11D3-BF4B-00C04F79EFBC}") = "TicTacToe", "TicTacToe\TicTacToe.csproj", "{C44EEC1D-2C62-4268-B308-88EC19693308}"
EndProject
Global
	GlobalSection(SolutionConfigurationPlatforms) = preSolution
		Debug|Any CPU = Debug|Any CPU
		Release|Any CPU = Release|Any CPU
	EndGlobalSection
	GlobalSection(ProjectConfigurationPlatforms) = postSolution
		{C44EEC1D-2C62-4268-B308-88EC19693308}.Debug|Any CPU.ActiveCfg = Debug|Any CPU
		{C44EEC1D-2C62-4268-B308-88EC19693308}.Debug|Any CPU.Build.0 = Debug|Any CPU
		{C44EEC1D-2C62-4268-B308-88EC19693308}.Release|Any CPU.ActiveCfg = Release|Any CPU
		{C44EEC1D-2C62-4268-B308-88EC19693308}.Release|Any CPU.Build.0 = Release|Any CPU
	EndGlobalSection
	GlobalSection(SolutionProperties) = preSolution
		HideSolutionNode = FALSE
	EndGlobalSection
	GlobalSection(ExtensibilityGlobals) = postSolution
		SolutionGuid = {214F727A-4237-45D3-97BE-2B954D521DD0}
	EndGlobalSection
EndGlobal
